
Microsoft Visual Studio Solution File, Format Version 12.00
# Visual Studio Version 16
VisualStudioVersion = 16.0.31402.337
MinimumVisualStudioVersion = 10.0.40219.1
Project("{8BC9CEB8-8B4A-11D0-8D11-00A0C91BC942}") = "Dredd Chess AI", "Dredd Chess AI\Dredd Chess AI.vcxproj", "{FEC0871B-59FE-4734-A489-5C0E909AF5DE}"
EndProject
Global
	GlobalSection(SolutionConfigurationPlatforms) = preSolution
		Debug|x64 = Debug|x64
		Debug|x86 = Debug|x86
		Release|x64 = Release|x64
		Release|x86 = Release|x86
	EndGlobalSection
	GlobalSection(ProjectConfigurationPlatforms) = postSolution
		{FEC0871B-59FE-4734-A489-5C0E909AF5DE}.Debug|x64.ActiveCfg = Debug|x64
		{FEC0871B-59FE-4734-A489-5C0E909AF5DE}.Debug|x64.Build.0 = Debug|x64
		{FEC0871B-59FE-4734-A489-5C0E909AF5DE}.Debug|x86.ActiveCfg = Debug|Win32
		{FEC0871B-59FE-4734-A489-5C0E909AF5DE}.Debug|x86.Build.0 = Debug|Win32
		{FEC0871B-59FE-4734-A489-5C0E909AF5DE}.Release|x64.ActiveCfg = Release|x64
		{FEC0871B-59FE-4734-A489-5C0E909AF5DE}.Release|x64.Build.0 = Release|x64
		{FEC0871B-59FE-4734-A489-5C0E909AF5DE}.Release|x86.ActiveCfg = Release|Win32
		{FEC0871B-59FE-4734-A489-5C0E909AF5DE}.Release|x86.Build.0 = Release|Win32
	EndGlobalSection
	GlobalSection(SolutionProperties) = preSolution
		HideSolutionNode = FALSE
	EndGlobalSection
	GlobalSection(ExtensibilityGlobals) = postSolution
		SolutionGuid = {893E4EA5-3D68-454A-9DAA-B842625CA524}
	EndGlobalSection
EndGlobal
